
Microsoft Visual Studio Solution File, Format Version 12.00
# Visual Studio 2015
Project("{FAE04EC0-301F-11D3-BF4B-00C04F79EFBC}") = "DissertationGame", "DissertationGame.csproj", "{54A25A7C-3ECA-5EC6-245D-6F68ABFF9B1F}"
EndProject
Project("{FAE04EC0-301F-11D3-BF4B-00C04F79EFBC}") = "DissertationGame.Editor", "DissertationGame.Editor.csproj", "{C419ED1F-5A33-EE0B-F905-31C79BB1FCCF}"
EndProject
Global
	GlobalSection(SolutionConfigurationPlatforms) = preSolution
		Debug|Any CPU = Debug|Any CPU
		Release|Any CPU = Release|Any CPU
	EndGlobalSection
	GlobalSection(ProjectConfigurationPlatforms) = postSolution
		{54A25A7C-3ECA-5EC6-245D-6F68ABFF9B1F}.Debug|Any CPU.ActiveCfg = Debug|Any CPU
		{54A25A7C-3ECA-5EC6-245D-6F68ABFF9B1F}.Debug|Any CPU.Build.0 = Debug|Any CPU
		{54A25A7C-3ECA-5EC6-245D-6F68ABFF9B1F}.Release|Any CPU.ActiveCfg = Release|Any CPU
		{54A25A7C-3ECA-5EC6-245D-6F68ABFF9B1F}.Release|Any CPU.Build.0 = Release|Any CPU
		{C419ED1F-5A33-EE0B-F905-31C79BB1FCCF}.Debug|Any CPU.ActiveCfg = Debug|Any CPU
		{C419ED1F-5A33-EE0B-F905-31C79BB1FCCF}.Debug|Any CPU.Build.0 = Debug|Any CPU
		{C419ED1F-5A33-EE0B-F905-31C79BB1FCCF}.Release|Any CPU.ActiveCfg = Release|Any CPU
		{C419ED1F-5A33-EE0B-F905-31C79BB1FCCF}.Release|Any CPU.Build.0 = Release|Any CPU
	EndGlobalSection
	GlobalSection(SolutionProperties) = preSolution
		HideSolutionNode = FALSE
	EndGlobalSection
EndGlobal
